{
  "name": "ming_api_mock",
  "version": "1.0.0",
  "lockfileVersion": 2,
  "requires": true,
  "packages": {
    "": {
      "version": "1.0.0",
      "license": "ISC",
      "dependencies": {
        "ming_node": "^1.9.51"
      },
      "bin": {
        "ming_api_mock": "bin/main.js"
      }
    },
    "node_modules/ming_node": {
      "version": "1.9.51",
      "resolved": "https://registry.npm.taobao.org/ming_node/download/ming_node-1.9.51.tgz",
      "integrity": "sha1-fbgJinfGupjnZPumDwxdp1TNxeE="
    }
  },
  "dependencies": {
    "ming_node": {
      "version": "1.9.51",
      "resolved": "https://registry.npm.taobao.org/ming_node/download/ming_node-1.9.51.tgz",
      "integrity": "sha1-fbgJinfGupjnZPumDwxdp1TNxeE="
    }
  }
}
